
Microsoft Visual Studio Solution File, Format Version 12.00
# Visual Studio 15
VisualStudioVersion = 15.0.27130.2010
MinimumVisualStudioVersion = 10.0.40219.1
Project("{FAE04EC0-301F-11D3-BF4B-00C04F79EFBC}") = "TechSuperHeroesLightningData", "TechSuperHeroesLightningData.csproj", "{81DB8D54-FC89-4725-86CC-B447CFCFDF97}"
EndProject
Project("{FAE04EC0-301F-11D3-BF4B-00C04F79EFBC}") = "TestAW", "..\TestAW\TestAW.csproj", "{FAC1368A-D942-402B-BF76-F628AB3E04A0}"
EndProject
Project("{FAE04EC0-301F-11D3-BF4B-00C04F79EFBC}") = "WinFormsTest", "WinFormsTest\WinFormsTest.csproj", "{41F28699-0048-4DAE-A64B-A758DA4B6185}"
EndProject
Project("{FAE04EC0-301F-11D3-BF4B-00C04F79EFBC}") = "WpfAppTest", "..\WpfAppTest\WpfAppTest.csproj", "{D0A50453-7573-46FA-AF9A-2A907B1DD977}"
EndProject
Project("{FAE04EC0-301F-11D3-BF4B-00C04F79EFBC}") = "TestTechSuperheroesLightningData", "..\TestTechSuperheroesLightningData\TestTechSuperheroesLightningData.csproj", "{4B12EE9A-44B5-483C-80D3-313DC34A2127}"
EndProject
Global
	GlobalSection(SolutionConfigurationPlatforms) = preSolution
		Debug|Any CPU = Debug|Any CPU
		Release|Any CPU = Release|Any CPU
	EndGlobalSection
	GlobalSection(ProjectConfigurationPlatforms) = postSolution
		{81DB8D54-FC89-4725-86CC-B447CFCFDF97}.Debug|Any CPU.ActiveCfg = Debug|Any CPU
		{81DB8D54-FC89-4725-86CC-B447CFCFDF97}.Debug|Any CPU.Build.0 = Debug|Any CPU
		{81DB8D54-FC89-4725-86CC-B447CFCFDF97}.Release|Any CPU.ActiveCfg = Release|Any CPU
		{81DB8D54-FC89-4725-86CC-B447CFCFDF97}.Release|Any CPU.Build.0 = Release|Any CPU
		{FAC1368A-D942-402B-BF76-F628AB3E04A0}.Debug|Any CPU.ActiveCfg = Debug|Any CPU
		{FAC1368A-D942-402B-BF76-F628AB3E04A0}.Debug|Any CPU.Build.0 = Debug|Any CPU
		{FAC1368A-D942-402B-BF76-F628AB3E04A0}.Release|Any CPU.ActiveCfg = Release|Any CPU
		{FAC1368A-D942-402B-BF76-F628AB3E04A0}.Release|Any CPU.Build.0 = Release|Any CPU
		{41F28699-0048-4DAE-A64B-A758DA4B6185}.Debug|Any CPU.ActiveCfg = Debug|Any CPU
		{41F28699-0048-4DAE-A64B-A758DA4B6185}.Debug|Any CPU.Build.0 = Debug|Any CPU
		{41F28699-0048-4DAE-A64B-A758DA4B6185}.Release|Any CPU.ActiveCfg = Release|Any CPU
		{41F28699-0048-4DAE-A64B-A758DA4B6185}.Release|Any CPU.Build.0 = Release|Any CPU
		{D0A50453-7573-46FA-AF9A-2A907B1DD977}.Debug|Any CPU.ActiveCfg = Debug|Any CPU
		{D0A50453-7573-46FA-AF9A-2A907B1DD977}.Debug|Any CPU.Build.0 = Debug|Any CPU
		{D0A50453-7573-46FA-AF9A-2A907B1DD977}.Release|Any CPU.ActiveCfg = Release|Any CPU
		{D0A50453-7573-46FA-AF9A-2A907B1DD977}.Release|Any CPU.Build.0 = Release|Any CPU
		{4B12EE9A-44B5-483C-80D3-313DC34A2127}.Debug|Any CPU.ActiveCfg = Debug|Any CPU
		{4B12EE9A-44B5-483C-80D3-313DC34A2127}.Debug|Any CPU.Build.0 = Debug|Any CPU
		{4B12EE9A-44B5-483C-80D3-313DC34A2127}.Release|Any CPU.ActiveCfg = Release|Any CPU
		{4B12EE9A-44B5-483C-80D3-313DC34A2127}.Release|Any CPU.Build.0 = Release|Any CPU
	EndGlobalSection
	GlobalSection(SolutionProperties) = preSolution
		HideSolutionNode = FALSE
	EndGlobalSection
	GlobalSection(ExtensibilityGlobals) = postSolution
		SolutionGuid = {90225C20-2A30-4031-8F7E-E4F84EC3F05C}
	EndGlobalSection
EndGlobal
